
Microsoft Visual Studio Solution File, Format Version 12.00
# Visual Studio Version 17
VisualStudioVersion = 17.5.002.0
MinimumVisualStudioVersion = 10.0.40219.1
Project("{2150E333-8FDC-42A3-9474-1A3956D46DE8}") = "C#", "C#", "{F142F555-6B5A-481B-9EE7-D96D70772E9F}"
EndProject
Project("{9A19103F-16F7-4668-BE54-9A1E7A4F7556}") = "WebAPI", "C#\WebAPI\WebAPI.csproj", "{E3FC9CDA-1592-478A-B3F6-009216D65A23}"
EndProject
Global
	GlobalSection(SolutionConfigurationPlatforms) = preSolution
		Debug|Any CPU = Debug|Any CPU
		Release|Any CPU = Release|Any CPU
	EndGlobalSection
	GlobalSection(ProjectConfigurationPlatforms) = postSolution
		{E3FC9CDA-1592-478A-B3F6-009216D65A23}.Debug|Any CPU.ActiveCfg = Debug|Any CPU
		{E3FC9CDA-1592-478A-B3F6-009216D65A23}.Debug|Any CPU.Build.0 = Debug|Any CPU
		{E3FC9CDA-1592-478A-B3F6-009216D65A23}.Release|Any CPU.ActiveCfg = Release|Any CPU
		{E3FC9CDA-1592-478A-B3F6-009216D65A23}.Release|Any CPU.Build.0 = Release|Any CPU
	EndGlobalSection
	GlobalSection(SolutionProperties) = preSolution
		HideSolutionNode = FALSE
	EndGlobalSection
	GlobalSection(NestedProjects) = preSolution
		{E3FC9CDA-1592-478A-B3F6-009216D65A23} = {F142F555-6B5A-481B-9EE7-D96D70772E9F}
	EndGlobalSection
	GlobalSection(ExtensibilityGlobals) = postSolution
		SolutionGuid = {6F0EB4FC-12D5-45F6-8158-EDDD026A164B}
	EndGlobalSection
EndGlobal
